// !$*UTF8*$!
{
	archiveVersion = 1;
	classes = {
	};
	objectVersion = 48;
	objects = {

/* Begin PBXBuildFile section */
		71B1D154E83A76151A776739 /* Pods_TimeTracker.framework in Frameworks */ = {isa = PBXBuildFile; fileRef = 395BEEDF0310E0D4D2A62365 /* Pods_TimeTracker.framework */; };
		99146AD8217ED7FD009D7D6D /* AppDelegate.swift in Sources */ = {isa = PBXBuildFile; fileRef = 99146AD7217ED7FD009D7D6D /* AppDelegate.swift */; };
		99146ADA217ED7FD009D7D6D /* InitialViewController.swift in Sources */ = {isa = PBXBuildFile; fileRef = 99146AD9217ED7FD009D7D6D /* InitialViewController.swift */; };
		99146ADD217ED7FD009D7D6D /* Main.storyboard in Resources */ = {isa = PBXBuildFile; fileRef = 99146ADB217ED7FD009D7D6D /* Main.storyboard */; };
		99146AE2217ED7FD009D7D6D /* Assets.xcassets in Resources */ = {isa = PBXBuildFile; fileRef = 99146AE1217ED7FD009D7D6D /* Assets.xcassets */; };
		99146AE5217ED7FD009D7D6D /* LaunchScreen.storyboard in Resources */ = {isa = PBXBuildFile; fileRef = 99146AE3217ED7FD009D7D6D /* LaunchScreen.storyboard */; };
		99146AED21802A12009D7D6D /* ProjectViewController.swift in Sources */ = {isa = PBXBuildFile; fileRef = 99146AEC21802A12009D7D6D /* ProjectViewController.swift */; };
		99146AEF21803BC2009D7D6D /* GoalsViewController.swift in Sources */ = {isa = PBXBuildFile; fileRef = 99146AEE21803BC2009D7D6D /* GoalsViewController.swift */; };
		99146AF4218188D6009D7D6D /* TimeTracker.xcdatamodeld in Sources */ = {isa = PBXBuildFile; fileRef = 99146AF2218188D6009D7D6D /* TimeTracker.xcdatamodeld */; };
		99146AF62189692F009D7D6D /* DataController.swift in Sources */ = {isa = PBXBuildFile; fileRef = 99146AF52189692F009D7D6D /* DataController.swift */; };
		992A4723218D4FB400455C87 /* ProjectsStatViewController.swift in Sources */ = {isa = PBXBuildFile; fileRef = 992A4722218D4FB400455C87 /* ProjectsStatViewController.swift */; };
		992A4725218D504500455C87 /* GoalsStatViewController.swift in Sources */ = {isa = PBXBuildFile; fileRef = 992A4724218D504500455C87 /* GoalsStatViewController.swift */; };
		998F805A21AFC23900B19208 /* GoogleService-Info.plist in Resources */ = {isa = PBXBuildFile; fileRef = 998F805921AFC23800B19208 /* GoogleService-Info.plist */; };
/* End PBXBuildFile section */

/* Begin PBXFileReference section */
		395BEEDF0310E0D4D2A62365 /* Pods_TimeTracker.framework */ = {isa = PBXFileReference; explicitFileType = wrapper.framework; includeInIndex = 0; path = Pods_TimeTracker.framework; sourceTree = BUILT_PRODUCTS_DIR; };
		550A5DFF0103A3039CFF07D3 /* Pods-TimeTracker.release.xcconfig */ = {isa = PBXFileReference; includeInIndex = 1; lastKnownFileType = text.xcconfig; name = "Pods-TimeTracker.release.xcconfig"; path = "Pods/Target Support Files/Pods-TimeTracker/Pods-TimeTracker.release.xcconfig"; sourceTree = "<group>"; };
		5B6F2F1D2B0FBF00FE1EC204 /* Pods-TimeTracker.debug.xcconfig */ = {isa = PBXFileReference; includeInIndex = 1; lastKnownFileType = text.xcconfig; name = "Pods-TimeTracker.debug.xcconfig"; path = "Pods/Target Support Files/Pods-TimeTracker/Pods-TimeTracker.debug.xcconfig"; sourceTree = "<group>"; };
		99146AD4217ED7FD009D7D6D /* TimeTracker.app */ = {isa = PBXFileReference; explicitFileType = wrapper.application; includeInIndex = 0; path = TimeTracker.app; sourceTree = BUILT_PRODUCTS_DIR; };
		99146AD7217ED7FD009D7D6D /* AppDelegate.swift */ = {isa = PBXFileReference; lastKnownFileType = sourcecode.swift; path = AppDelegate.swift; sourceTree = "<group>"; };
		99146AD9217ED7FD009D7D6D /* InitialViewController.swift */ = {isa = PBXFileReference; lastKnownFileType = sourcecode.swift; path = InitialViewController.swift; sourceTree = "<group>"; };
		99146ADC217ED7FD009D7D6D /* Base */ = {isa = PBXFileReference; lastKnownFileType = file.storyboard; name = Base; path = Base.lproj/Main.storyboard; sourceTree = "<group>"; };
		99146AE1217ED7FD009D7D6D /* Assets.xcassets */ = {isa = PBXFileReference; lastKnownFileType = folder.assetcatalog; path = Assets.xcassets; sourceTree = "<group>"; };
		99146AE4217ED7FD009D7D6D /* Base */ = {isa = PBXFileReference; lastKnownFileType = file.storyboard; name = Base; path = Base.lproj/LaunchScreen.storyboard; sourceTree = "<group>"; };
		99146AE6217ED7FD009D7D6D /* Info.plist */ = {isa = PBXFileReference; lastKnownFileType = text.plist.xml; path = Info.plist; sourceTree = "<group>"; };
		99146AEC21802A12009D7D6D /* ProjectViewController.swift */ = {isa = PBXFileReference; lastKnownFileType = sourcecode.swift; path = ProjectViewController.swift; sourceTree = "<group>"; };
		99146AEE21803BC2009D7D6D /* GoalsViewController.swift */ = {isa = PBXFileReference; lastKnownFileType = sourcecode.swift; path = GoalsViewController.swift; sourceTree = "<group>"; };
		99146AF3218188D6009D7D6D /* TimeTracker.xcdatamodel */ = {isa = PBXFileReference; lastKnownFileType = wrapper.xcdatamodel; path = TimeTracker.xcdatamodel; sourceTree = "<group>"; };
		99146AF52189692F009D7D6D /* DataController.swift */ = {isa = PBXFileReference; lastKnownFileType = sourcecode.swift; path = DataController.swift; sourceTree = "<group>"; };
		992A4722218D4FB400455C87 /* ProjectsStatViewController.swift */ = {isa = PBXFileReference; lastKnownFileType = sourcecode.swift; path = ProjectsStatViewController.swift; sourceTree = "<group>"; };
		992A4724218D504500455C87 /* GoalsStatViewController.swift */ = {isa = PBXFileReference; lastKnownFileType = sourcecode.swift; path = GoalsStatViewController.swift; sourceTree = "<group>"; };
		998F805921AFC23800B19208 /* GoogleService-Info.plist */ = {isa = PBXFileReference; fileEncoding = 4; lastKnownFileType = text.plist.xml; path = "GoogleService-Info.plist"; sourceTree = "<group>"; };
/* End PBXFileReference section */

/* Begin PBXFrameworksBuildPhase section */
		99146AD1217ED7FD009D7D6D /* Frameworks */ = {
			isa = PBXFrameworksBuildPhase;
			buildActionMask = 2147483647;
			files = (
				71B1D154E83A76151A776739 /* Pods_TimeTracker.framework in Frameworks */,
			);
			runOnlyForDeploymentPostprocessing = 0;
		};
/* End PBXFrameworksBuildPhase section */

/* Begin PBXGroup section */
		7362F201830901455F2E82A2 /* Frameworks */ = {
			isa = PBXGroup;
			children = (
				395BEEDF0310E0D4D2A62365 /* Pods_TimeTracker.framework */,
			);
			name = Frameworks;
			sourceTree = "<group>";
		};
		99146ACB217ED7FD009D7D6D = {
			isa = PBXGroup;
			children = (
				99146AD6217ED7FD009D7D6D /* TimeTracker */,
				99146AD5217ED7FD009D7D6D /* Products */,
				C6E59E0A45D4EC74D84C7605 /* Pods */,
				7362F201830901455F2E82A2 /* Frameworks */,
			);
			sourceTree = "<group>";
		};
		99146AD5217ED7FD009D7D6D /* Products */ = {
			isa = PBXGroup;
			children = (
				99146AD4217ED7FD009D7D6D /* TimeTracker.app */,
			);
			name = Products;
			sourceTree = "<group>";
		};
		99146AD6217ED7FD009D7D6D /* TimeTracker */ = {
			isa = PBXGroup;
			children = (
				99146AD7217ED7FD009D7D6D /* AppDelegate.swift */,
				99146AF121818881009D7D6D /* Model */,
				99146AF02181882D009D7D6D /* ViewControllers */,
				99146ADB217ED7FD009D7D6D /* Main.storyboard */,
				99146AE1217ED7FD009D7D6D /* Assets.xcassets */,
				99146AE3217ED7FD009D7D6D /* LaunchScreen.storyboard */,
				998F805921AFC23800B19208 /* GoogleService-Info.plist */,
				99146AE6217ED7FD009D7D6D /* Info.plist */,
			);
			path = TimeTracker;
			sourceTree = "<group>";
		};
		99146AF02181882D009D7D6D /* ViewControllers */ = {
			isa = PBXGroup;
			children = (
				99146AD9217ED7FD009D7D6D /* InitialViewController.swift */,
				99146AEC21802A12009D7D6D /* ProjectViewController.swift */,
				99146AEE21803BC2009D7D6D /* GoalsViewController.swift */,
				992A4722218D4FB400455C87 /* ProjectsStatViewController.swift */,
				992A4724218D504500455C87 /* GoalsStatViewController.swift */,
			);
			path = ViewControllers;
			sourceTree = "<group>";
		};
		99146AF121818881009D7D6D /* Model */ = {
			isa = PBXGroup;
			children = (
				99146AF2218188D6009D7D6D /* TimeTracker.xcdatamodeld */,
				99146AF52189692F009D7D6D /* DataController.swift */,
			);
			path = Model;
			sourceTree = "<group>";
		};
		C6E59E0A45D4EC74D84C7605 /* Pods */ = {
			isa = PBXGroup;
			children = (
				5B6F2F1D2B0FBF00FE1EC204 /* Pods-TimeTracker.debug.xcconfig */,
				550A5DFF0103A3039CFF07D3 /* Pods-TimeTracker.release.xcconfig */,
			);
			name = Pods;
			sourceTree = "<group>";
		};
/* End PBXGroup section */

/* Begin PBXNativeTarget section */
		99146AD3217ED7FD009D7D6D /* TimeTracker */ = {
			isa = PBXNativeTarget;
			buildConfigurationList = 99146AE9217ED7FD009D7D6D /* Build configuration list for PBXNativeTarget "TimeTracker" */;
			buildPhases = (
				657F08C85901533CCA4E52FB /* [CP] Check Pods Manifest.lock */,
				99146AD0217ED7FD009D7D6D /* Sources */,
				99146AD1217ED7FD009D7D6D /* Frameworks */,
				99146AD2217ED7FD009D7D6D /* Resources */,
				1272029C8BF57A93AD3A70D7 /* [CP] Embed Pods Frameworks */,
			);
			buildRules = (
			);
			dependencies = (
			);
			name = TimeTracker;
			productName = TimeTracker;
			productReference = 99146AD4217ED7FD009D7D6D /* TimeTracker.app */;
			productType = "com.apple.product-type.application";
		};
/* End PBXNativeTarget section */

/* Begin PBXProject section */
		99146ACC217ED7FD009D7D6D /* Project object */ = {
			isa = PBXProject;
			attributes = {
				LastSwiftUpdateCheck = 0920;
				LastUpgradeCheck = 0920;
				ORGANIZATIONNAME = udacity;
				TargetAttributes = {
					99146AD3217ED7FD009D7D6D = {
						CreatedOnToolsVersion = 9.2;
						ProvisioningStyle = Automatic;
					};
				};
			};
			buildConfigurationList = 99146ACF217ED7FD009D7D6D /* Build configuration list for PBXProject "TimeTracker" */;
			compatibilityVersion = "Xcode 8.0";
			developmentRegion = en;
			hasScannedForEncodings = 0;
			knownRegions = (
				en,
				Base,
			);
			mainGroup = 99146ACB217ED7FD009D7D6D;
			productRefGroup = 99146AD5217ED7FD009D7D6D /* Products */;
			projectDirPath = "";
			projectRoot = "";
			targets = (
				99146AD3217ED7FD009D7D6D /* TimeTracker */,
			);
		};
/* End PBXProject section */

/* Begin PBXResourcesBuildPhase section */
		99146AD2217ED7FD009D7D6D /* Resources */ = {
			isa = PBXResourcesBuildPhase;
			buildActionMask = 2147483647;
			files = (
				99146AE5217ED7FD009D7D6D /* LaunchScreen.storyboard in Resources */,
				998F805A21AFC23900B19208 /* GoogleService-Info.plist in Resources */,
				99146AE2217ED7FD009D7D6D /* Assets.xcassets in Resources */,
				99146ADD217ED7FD009D7D6D /* Main.storyboard in Resources */,
			);
			runOnlyForDeploymentPostprocessing = 0;
		};
/* End PBXResourcesBuildPhase section */

/* Begin PBXShellScriptBuildPhase section */
		1272029C8BF57A93AD3A70D7 /* [CP] Embed Pods Frameworks */ = {
			isa = PBXShellScriptBuildPhase;
			buildActionMask = 2147483647;
			files = (
			);
			inputPaths = (
				"${SRCROOT}/Pods/Target Support Files/Pods-TimeTracker/Pods-TimeTracker-frameworks.sh",
				"${BUILT_PRODUCTS_DIR}/GoogleUtilities/GoogleUtilities.framework",
				"${BUILT_PRODUCTS_DIR}/nanopb/nanopb.framework",
			);
			name = "[CP] Embed Pods Frameworks";
			outputPaths = (
				"${TARGET_BUILD_DIR}/${FRAMEWORKS_FOLDER_PATH}/GoogleUtilities.framework",
				"${TARGET_BUILD_DIR}/${FRAMEWORKS_FOLDER_PATH}/nanopb.framework",
			);
			runOnlyForDeploymentPostprocessing = 0;
			shellPath = /bin/sh;
			shellScript = "\"${SRCROOT}/Pods/Target Support Files/Pods-TimeTracker/Pods-TimeTracker-frameworks.sh\"\n";
			showEnvVarsInLog = 0;
		};
		657F08C85901533CCA4E52FB /* [CP] Check Pods Manifest.lock */ = {
			isa = PBXShellScriptBuildPhase;
			buildActionMask = 2147483647;
			files = (
			);
			inputPaths = (
				"${PODS_PODFILE_DIR_PATH}/Podfile.lock",
				"${PODS_ROOT}/Manifest.lock",
			);
			name = "[CP] Check Pods Manifest.lock";
			outputPaths = (
				"$(DERIVED_FILE_DIR)/Pods-TimeTracker-checkManifestLockResult.txt",
			);
			runOnlyForDeploymentPostprocessing = 0;
			shellPath = /bin/sh;
			shellScript = "diff \"${PODS_PODFILE_DIR_PATH}/Podfile.lock\" \"${PODS_ROOT}/Manifest.lock\" > /dev/null\nif [ $? != 0 ] ; then\n    # print error to STDERR\n    echo \"error: The sandbox is not in sync with the Podfile.lock. Run 'pod install' or update your CocoaPods installation.\" >&2\n    exit 1\nfi\n# This output is used by Xcode 'outputs' to avoid re-running this script phase.\necho \"SUCCESS\" > \"${SCRIPT_OUTPUT_FILE_0}\"\n";
			showEnvVarsInLog = 0;
		};
/* End PBXShellScriptBuildPhase section */

/* Begin PBXSourcesBuildPhase section */
		99146AD0217ED7FD009D7D6D /* Sources */ = {
			isa = PBXSourcesBuildPhase;
			buildActionMask = 2147483647;
			files = (
				99146AED21802A12009D7D6D /* ProjectViewController.swift in Sources */,
				992A4725218D504500455C87 /* GoalsStatViewController.swift in Sources */,
				99146AF62189692F009D7D6D /* DataController.swift in Sources */,
				99146ADA217ED7FD009D7D6D /* InitialViewController.swift in Sources */,
				992A4723218D4FB400455C87 /* ProjectsStatViewController.swift in Sources */,
				99146AD8217ED7FD009D7D6D /* AppDelegate.swift in Sources */,
				99146AEF21803BC2009D7D6D /* GoalsViewController.swift in Sources */,
				99146AF4218188D6009D7D6D /* TimeTracker.xcdatamodeld in Sources */,
			);
			runOnlyForDeploymentPostprocessing = 0;
		};
/* End PBXSourcesBuildPhase section */

/* Begin PBXVariantGroup section */
		99146ADB217ED7FD009D7D6D /* Main.storyboard */ = {
			isa = PBXVariantGroup;
			children = (
				99146ADC217ED7FD009D7D6D /* Base */,
			);
			name = Main.storyboard;
			sourceTree = "<group>";
		};
		99146AE3217ED7FD009D7D6D /* LaunchScreen.storyboard */ = {
			isa = PBXVariantGroup;
			children = (
				99146AE4217ED7FD009D7D6D /* Base */,
			);
			name = LaunchScreen.storyboard;
			sourceTree = "<group>";
		};
/* End PBXVariantGroup section */

/* Begin XCBuildConfiguration section */
		99146AE7217ED7FD009D7D6D /* Debug */ = {
			isa = XCBuildConfiguration;
			buildSettings = {
				ALWAYS_SEARCH_USER_PATHS = NO;
				CLANG_ANALYZER_NONNULL = YES;
				CLANG_ANALYZER_NUMBER_OBJECT_CONVERSION = YES_AGGRESSIVE;
				CLANG_CXX_LANGUAGE_STANDARD = "gnu++14";
				CLANG_CXX_LIBRARY = "libc++";
				CLANG_ENABLE_MODULES = YES;
				CLANG_ENABLE_OBJC_ARC = YES;
				CLANG_WARN_BLOCK_CAPTURE_AUTORELEASING = YES;
				CLANG_WARN_BOOL_CONVERSION = YES;
				CLANG_WARN_COMMA = YES;
				CLANG_WARN_CONSTANT_CONVERSION = YES;
				CLANG_WARN_DIRECT_OBJC_ISA_USAGE = YES_ERROR;
				CLANG_WARN_DOCUMENTATION_COMMENTS = YES;
				CLANG_WARN_EMPTY_BODY = YES;
				CLANG_WARN_ENUM_CONVERSION = YES;
				CLANG_WARN_INFINITE_RECURSION = YES;
				CLANG_WARN_INT_CONVERSION = YES;
				CLANG_WARN_NON_LITERAL_NULL_CONVERSION = YES;
				CLANG_WARN_OBJC_LITERAL_CONVERSION = YES;
				CLANG_WARN_OBJC_ROOT_CLASS = YES_ERROR;
				CLANG_WARN_RANGE_LOOP_ANALYSIS = YES;
				CLANG_WARN_STRICT_PROTOTYPES = YES;
				CLANG_WARN_SUSPICIOUS_MOVE = YES;
				CLANG_WARN_UNGUARDED_AVAILABILITY = YES_AGGRESSIVE;
				CLANG_WARN_UNREACHABLE_CODE = YES;
				CLANG_WARN__DUPLICATE_METHOD_MATCH = YES;
				CODE_SIGN_IDENTITY = "iPhone Developer";
				COPY_PHASE_STRIP = NO;
				DEBUG_INFORMATION_FORMAT = dwarf;
				ENABLE_STRICT_OBJC_MSGSEND = YES;
				ENABLE_TESTABILITY = YES;
				GCC_C_LANGUAGE_STANDARD = gnu11;
				GCC_DYNAMIC_NO_PIC = NO;
				GCC_NO_COMMON_BLOCKS = YES;
				GCC_OPTIMIZATION_LEVEL = 0;
				GCC_PREPROCESSOR_DEFINITIONS = (
					"DEBUG=1",
					"$(inherited)",
				);
				GCC_WARN_64_TO_32_BIT_CONVERSION = YES;
				GCC_WARN_ABOUT_RETURN_TYPE = YES_ERROR;
				GCC_WARN_UNDECLARED_SELECTOR = YES;
				GCC_WARN_UNINITIALIZED_AUTOS = YES_AGGRESSIVE;
				GCC_WARN_UNUSED_FUNCTION = YES;
				GCC_WARN_UNUSED_VARIABLE = YES;
				IPHONEOS_DEPLOYMENT_TARGET = 11.2;
				MTL_ENABLE_DEBUG_INFO = YES;
				ONLY_ACTIVE_ARCH = YES;
				SDKROOT = iphoneos;
				SWIFT_ACTIVE_COMPILATION_CONDITIONS = DEBUG;
				SWIFT_OPTIMIZATION_LEVEL = "-Onone";
			};
			name = Debug;
		};
		99146AE8217ED7FD009D7D6D /* Release */ = {
			isa = XCBuildConfiguration;
			buildSettings = {
				ALWAYS_SEARCH_USER_PATHS = NO;
				CLANG_ANALYZER_NONNULL = YES;
				CLANG_ANALYZER_NUMBER_OBJECT_CONVERSION = YES_AGGRESSIVE;
				CLANG_CXX_LANGUAGE_STANDARD = "gnu++14";
				CLANG_CXX_LIBRARY = "libc++";
				CLANG_ENABLE_MODULES = YES;
				CLANG_ENABLE_OBJC_ARC = YES;
				CLANG_WARN_BLOCK_CAPTURE_AUTORELEASING = YES;
				CLANG_WARN_BOOL_CONVERSION = YES;
				CLANG_WARN_COMMA = YES;
				CLANG_WARN_CONSTANT_CONVERSION = YES;
				CLANG_WARN_DIRECT_OBJC_ISA_USAGE = YES_ERROR;
				CLANG_WARN_DOCUMENTATION_COMMENTS = YES;
				CLANG_WARN_EMPTY_BODY = YES;
				CLANG_WARN_ENUM_CONVERSION = YES;
				CLANG_WARN_INFINITE_RECURSION = YES;
				CLANG_WARN_INT_CONVERSION = YES;
				CLANG_WARN_NON_LITERAL_NULL_CONVERSION = YES;
				CLANG_WARN_OBJC_LITERAL_CONVERSION = YES;
				CLANG_WARN_OBJC_ROOT_CLASS = YES_ERROR;
				CLANG_WARN_RANGE_LOOP_ANALYSIS = YES;
				CLANG_WARN_STRICT_PROTOTYPES = YES;
				CLANG_WARN_SUSPICIOUS_MOVE = YES;
				CLANG_WARN_UNGUARDED_AVAILABILITY = YES_AGGRESSIVE;
				CLANG_WARN_UNREACHABLE_CODE = YES;
				CLANG_WARN__DUPLICATE_METHOD_MATCH = YES;
				CODE_SIGN_IDENTITY = "iPhone Developer";
				COPY_PHASE_STRIP = NO;
				DEBUG_INFORMATION_FORMAT = "dwarf-with-dsym";
				ENABLE_NS_ASSERTIONS = NO;
				ENABLE_STRICT_OBJC_MSGSEND = YES;
				GCC_C_LANGUAGE_STANDARD = gnu11;
				GCC_NO_COMMON_BLOCKS = YES;
				GCC_WARN_64_TO_32_BIT_CONVERSION = YES;
				GCC_WARN_ABOUT_RETURN_TYPE = YES_ERROR;
				GCC_WARN_UNDECLARED_SELECTOR = YES;
				GCC_WARN_UNINITIALIZED_AUTOS = YES_AGGRESSIVE;
				GCC_WARN_UNUSED_FUNCTION = YES;
				GCC_WARN_UNUSED_VARIABLE = YES;
				IPHONEOS_DEPLOYMENT_TARGET = 11.2;
				MTL_ENABLE_DEBUG_INFO = NO;
				SDKROOT = iphoneos;
				SWIFT_OPTIMIZATION_LEVEL = "-Owholemodule";
				VALIDATE_PRODUCT = YES;
			};
			name = Release;
		};
		99146AEA217ED7FD009D7D6D /* Debug */ = {
			isa = XCBuildConfiguration;
			baseConfigurationReference = 5B6F2F1D2B0FBF00FE1EC204 /* Pods-TimeTracker.debug.xcconfig */;
			buildSettings = {
				ASSETCATALOG_COMPILER_APPICON_NAME = AppIcon;
				CODE_SIGN_STYLE = Automatic;
				DEVELOPMENT_TEAM = 2YDACHFN53;
				INFOPLIST_FILE = TimeTracker/Info.plist;
				LD_RUNPATH_SEARCH_PATHS = "$(inherited) @executable_path/Frameworks";
				PRODUCT_BUNDLE_IDENTIFIER = com.udacity.TimeTracker;
				PRODUCT_NAME = "$(TARGET_NAME)";
				SWIFT_VERSION = 4.0;
				TARGETED_DEVICE_FAMILY = "1,2";
			};
			name = Debug;
		};
		99146AEB217ED7FD009D7D6D /* Release */ = {
			isa = XCBuildConfiguration;
			baseConfigurationReference = 550A5DFF0103A3039CFF07D3 /* Pods-TimeTracker.release.xcconfig */;
			buildSettings = {
				ASSETCATALOG_COMPILER_APPICON_NAME = AppIcon;
				CODE_SIGN_STYLE = Automatic;
				DEVELOPMENT_TEAM = 2YDACHFN53;
				INFOPLIST_FILE = TimeTracker/Info.plist;
				LD_RUNPATH_SEARCH_PATHS = "$(inherited) @executable_path/Frameworks";
				PRODUCT_BUNDLE_IDENTIFIER = com.udacity.TimeTracker;
				PRODUCT_NAME = "$(TARGET_NAME)";
				SWIFT_VERSION = 4.0;
				TARGETED_DEVICE_FAMILY = "1,2";
			};
			name = Release;
		};
/* End XCBuildConfiguration section */

/* Begin XCConfigurationList section */
		99146ACF217ED7FD009D7D6D /* Build configuration list for PBXProject "TimeTracker" */ = {
			isa = XCConfigurationList;
			buildConfigurations = (
				99146AE7217ED7FD009D7D6D /* Debug */,
				99146AE8217ED7FD009D7D6D /* Release */,
			);
			defaultConfigurationIsVisible = 0;
			defaultConfigurationName = Release;
		};
		99146AE9217ED7FD009D7D6D /* Build configuration list for PBXNativeTarget "TimeTracker" */ = {
			isa = XCConfigurationList;
			buildConfigurations = (
				99146AEA217ED7FD009D7D6D /* Debug */,
				99146AEB217ED7FD009D7D6D /* Release */,
			);
			defaultConfigurationIsVisible = 0;
			defaultConfigurationName = Release;
		};
/* End XCConfigurationList section */

/* Begin XCVersionGroup section */
		99146AF2218188D6009D7D6D /* TimeTracker.xcdatamodeld */ = {
			isa = XCVersionGroup;
			children = (
				99146AF3218188D6009D7D6D /* TimeTracker.xcdatamodel */,
			);
			currentVersion = 99146AF3218188D6009D7D6D /* TimeTracker.xcdatamodel */;
			path = TimeTracker.xcdatamodeld;
			sourceTree = "<group>";
			versionGroupType = wrapper.xcdatamodel;
		};
/* End XCVersionGroup section */
	};
	rootObject = 99146ACC217ED7FD009D7D6D /* Project object */;
}
